
Microsoft Visual Studio Solution File, Format Version 12.00
Project("{FAE04EC0-301F-11D3-BF4B-00C04F79EFBC}") = "HelloApp", "HelloApp\HelloApp.csproj", "{CC4D5E5D-CA0A-48C7-B5C3-F09FFC7C80C2}"
EndProject
Global
	GlobalSection(SolutionConfigurationPlatforms) = preSolution
		Debug|Any CPU = Debug|Any CPU
		Release|Any CPU = Release|Any CPU
	EndGlobalSection
	GlobalSection(ProjectConfigurationPlatforms) = postSolution
		{CC4D5E5D-CA0A-48C7-B5C3-F09FFC7C80C2}.Debug|Any CPU.ActiveCfg = Debug|Any CPU
		{CC4D5E5D-CA0A-48C7-B5C3-F09FFC7C80C2}.Debug|Any CPU.Build.0 = Debug|Any CPU
		{CC4D5E5D-CA0A-48C7-B5C3-F09FFC7C80C2}.Release|Any CPU.ActiveCfg = Release|Any CPU
		{CC4D5E5D-CA0A-48C7-B5C3-F09FFC7C80C2}.Release|Any CPU.Build.0 = Release|Any CPU
	EndGlobalSection
EndGlobal
